// !$*UTF8*$!
{
	archiveVersion = 1;
	classes = {
	};
	objectVersion = 56;
	objects = {

/* Begin PBXBuildFile section */
		26533D322A6A3FD100FADCE4 /* CardView.swift in Sources */ = {isa = PBXBuildFile; fileRef = 26533D312A6A3FD100FADCE4 /* CardView.swift */; };
		26533D352A6A568400FADCE4 /* CustomBackgroundView.swift in Sources */ = {isa = PBXBuildFile; fileRef = 26533D342A6A568400FADCE4 /* CustomBackgroundView.swift */; };
		26533D382A6A59B700FADCE4 /* ColorExtension.swift in Sources */ = {isa = PBXBuildFile; fileRef = 26533D372A6A59B700FADCE4 /* ColorExtension.swift */; };
		267284DF2A6C1BFA00747A5E /* CustomButtonView.swift in Sources */ = {isa = PBXBuildFile; fileRef = 267284DE2A6C1BFA00747A5E /* CustomButtonView.swift */; };
		267284E12A6C445F00747A5E /* GradientButtonStyle.swift in Sources */ = {isa = PBXBuildFile; fileRef = 267284E02A6C445F00747A5E /* GradientButtonStyle.swift */; };
		2675DA532A6C60E00039E488 /* CustomCircleView.swift in Sources */ = {isa = PBXBuildFile; fileRef = 2675DA522A6C60E00039E488 /* CustomCircleView.swift */; };
		2675DA552A6C651B0039E488 /* MotionAnimationView.swift in Sources */ = {isa = PBXBuildFile; fileRef = 2675DA542A6C651B0039E488 /* MotionAnimationView.swift */; };
		2675DA582A6C819A0039E488 /* SettingsView.swift in Sources */ = {isa = PBXBuildFile; fileRef = 2675DA572A6C819A0039E488 /* SettingsView.swift */; };
		2675DA5A2A6D05E00039E488 /* CustomListRowView.swift in Sources */ = {isa = PBXBuildFile; fileRef = 2675DA592A6D05E00039E488 /* CustomListRowView.swift */; };
		26AC9D692A6850DB00679CC8 /* ProjectSwiftUIApp.swift in Sources */ = {isa = PBXBuildFile; fileRef = 26AC9D682A6850DB00679CC8 /* ProjectSwiftUIApp.swift */; };
		26AC9D6B2A6850DB00679CC8 /* ContentView.swift in Sources */ = {isa = PBXBuildFile; fileRef = 26AC9D6A2A6850DB00679CC8 /* ContentView.swift */; };
		26AC9D6D2A6850DC00679CC8 /* Assets.xcassets in Resources */ = {isa = PBXBuildFile; fileRef = 26AC9D6C2A6850DC00679CC8 /* Assets.xcassets */; };
		26AC9D702A6850DC00679CC8 /* Preview Assets.xcassets in Resources */ = {isa = PBXBuildFile; fileRef = 26AC9D6F2A6850DC00679CC8 /* Preview Assets.xcassets */; };
		26AC9D722A6850DC00679CC8 /* Persistence.swift in Sources */ = {isa = PBXBuildFile; fileRef = 26AC9D712A6850DC00679CC8 /* Persistence.swift */; };
		26AC9D752A6850DC00679CC8 /* ProjectSwiftUI.xcdatamodeld in Sources */ = {isa = PBXBuildFile; fileRef = 26AC9D732A6850DC00679CC8 /* ProjectSwiftUI.xcdatamodeld */; };
/* End PBXBuildFile section */

/* Begin PBXFileReference section */
		26533D312A6A3FD100FADCE4 /* CardView.swift */ = {isa = PBXFileReference; lastKnownFileType = sourcecode.swift; path = CardView.swift; sourceTree = "<group>"; };
		26533D342A6A568400FADCE4 /* CustomBackgroundView.swift */ = {isa = PBXFileReference; lastKnownFileType = sourcecode.swift; path = CustomBackgroundView.swift; sourceTree = "<group>"; };
		26533D372A6A59B700FADCE4 /* ColorExtension.swift */ = {isa = PBXFileReference; lastKnownFileType = sourcecode.swift; path = ColorExtension.swift; sourceTree = "<group>"; };
		267284DE2A6C1BFA00747A5E /* CustomButtonView.swift */ = {isa = PBXFileReference; lastKnownFileType = sourcecode.swift; path = CustomButtonView.swift; sourceTree = "<group>"; };
		267284E02A6C445F00747A5E /* GradientButtonStyle.swift */ = {isa = PBXFileReference; lastKnownFileType = sourcecode.swift; path = GradientButtonStyle.swift; sourceTree = "<group>"; };
		2675DA522A6C60E00039E488 /* CustomCircleView.swift */ = {isa = PBXFileReference; lastKnownFileType = sourcecode.swift; path = CustomCircleView.swift; sourceTree = "<group>"; };
		2675DA542A6C651B0039E488 /* MotionAnimationView.swift */ = {isa = PBXFileReference; lastKnownFileType = sourcecode.swift; path = MotionAnimationView.swift; sourceTree = "<group>"; };
		2675DA572A6C819A0039E488 /* SettingsView.swift */ = {isa = PBXFileReference; lastKnownFileType = sourcecode.swift; path = SettingsView.swift; sourceTree = "<group>"; };
		2675DA592A6D05E00039E488 /* CustomListRowView.swift */ = {isa = PBXFileReference; lastKnownFileType = sourcecode.swift; path = CustomListRowView.swift; sourceTree = "<group>"; };
		26AC9D652A6850DB00679CC8 /* ProjectSwiftUI.app */ = {isa = PBXFileReference; explicitFileType = wrapper.application; includeInIndex = 0; path = ProjectSwiftUI.app; sourceTree = BUILT_PRODUCTS_DIR; };
		26AC9D682A6850DB00679CC8 /* ProjectSwiftUIApp.swift */ = {isa = PBXFileReference; lastKnownFileType = sourcecode.swift; path = ProjectSwiftUIApp.swift; sourceTree = "<group>"; };
		26AC9D6A2A6850DB00679CC8 /* ContentView.swift */ = {isa = PBXFileReference; lastKnownFileType = sourcecode.swift; path = ContentView.swift; sourceTree = "<group>"; };
		26AC9D6C2A6850DC00679CC8 /* Assets.xcassets */ = {isa = PBXFileReference; lastKnownFileType = folder.assetcatalog; path = Assets.xcassets; sourceTree = "<group>"; };
		26AC9D6F2A6850DC00679CC8 /* Preview Assets.xcassets */ = {isa = PBXFileReference; lastKnownFileType = folder.assetcatalog; path = "Preview Assets.xcassets"; sourceTree = "<group>"; };
		26AC9D712A6850DC00679CC8 /* Persistence.swift */ = {isa = PBXFileReference; lastKnownFileType = sourcecode.swift; path = Persistence.swift; sourceTree = "<group>"; };
		26AC9D742A6850DC00679CC8 /* ProjectSwiftUI.xcdatamodel */ = {isa = PBXFileReference; lastKnownFileType = wrapper.xcdatamodel; path = ProjectSwiftUI.xcdatamodel; sourceTree = "<group>"; };
/* End PBXFileReference section */

/* Begin PBXFrameworksBuildPhase section */
		26AC9D622A6850DB00679CC8 /* Frameworks */ = {
			isa = PBXFrameworksBuildPhase;
			buildActionMask = 2147483647;
			files = (
			);
			runOnlyForDeploymentPostprocessing = 0;
		};
/* End PBXFrameworksBuildPhase section */

/* Begin PBXGroup section */
		26533D332A6A561400FADCE4 /* Component */ = {
			isa = PBXGroup;
			children = (
				26533D312A6A3FD100FADCE4 /* CardView.swift */,
				26533D342A6A568400FADCE4 /* CustomBackgroundView.swift */,
				267284DE2A6C1BFA00747A5E /* CustomButtonView.swift */,
				2675DA522A6C60E00039E488 /* CustomCircleView.swift */,
				2675DA542A6C651B0039E488 /* MotionAnimationView.swift */,
				2675DA592A6D05E00039E488 /* CustomListRowView.swift */,
			);
			path = Component;
			sourceTree = "<group>";
		};
		26533D362A6A597D00FADCE4 /* Utility */ = {
			isa = PBXGroup;
			children = (
				26533D372A6A59B700FADCE4 /* ColorExtension.swift */,
				267284E02A6C445F00747A5E /* GradientButtonStyle.swift */,
			);
			path = Utility;
			sourceTree = "<group>";
		};
		2675DA562A6C81440039E488 /* Screens */ = {
			isa = PBXGroup;
			children = (
				26AC9D6A2A6850DB00679CC8 /* ContentView.swift */,
				2675DA572A6C819A0039E488 /* SettingsView.swift */,
			);
			path = Screens;
			sourceTree = "<group>";
		};
		26AC9D5C2A6850DB00679CC8 = {
			isa = PBXGroup;
			children = (
				26AC9D672A6850DB00679CC8 /* ProjectSwiftUI */,
				26AC9D662A6850DB00679CC8 /* Products */,
			);
			sourceTree = "<group>";
		};
		26AC9D662A6850DB00679CC8 /* Products */ = {
			isa = PBXGroup;
			children = (
				26AC9D652A6850DB00679CC8 /* ProjectSwiftUI.app */,
			);
			name = Products;
			sourceTree = "<group>";
		};
		26AC9D672A6850DB00679CC8 /* ProjectSwiftUI */ = {
			isa = PBXGroup;
			children = (
				2675DA562A6C81440039E488 /* Screens */,
				26533D362A6A597D00FADCE4 /* Utility */,
				26533D332A6A561400FADCE4 /* Component */,
				26AC9D6C2A6850DC00679CC8 /* Assets.xcassets */,
				26AC9D712A6850DC00679CC8 /* Persistence.swift */,
				26AC9D732A6850DC00679CC8 /* ProjectSwiftUI.xcdatamodeld */,
				26AC9D6E2A6850DC00679CC8 /* Preview Content */,
				26AC9D682A6850DB00679CC8 /* ProjectSwiftUIApp.swift */,
			);
			path = ProjectSwiftUI;
			sourceTree = "<group>";
		};
		26AC9D6E2A6850DC00679CC8 /* Preview Content */ = {
			isa = PBXGroup;
			children = (
				26AC9D6F2A6850DC00679CC8 /* Preview Assets.xcassets */,
			);
			path = "Preview Content";
			sourceTree = "<group>";
		};
/* End PBXGroup section */

/* Begin PBXNativeTarget section */
		26AC9D642A6850DB00679CC8 /* ProjectSwiftUI */ = {
			isa = PBXNativeTarget;
			buildConfigurationList = 26AC9D782A6850DC00679CC8 /* Build configuration list for PBXNativeTarget "ProjectSwiftUI" */;
			buildPhases = (
				26AC9D612A6850DB00679CC8 /* Sources */,
				26AC9D622A6850DB00679CC8 /* Frameworks */,
				26AC9D632A6850DB00679CC8 /* Resources */,
			);
			buildRules = (
			);
			dependencies = (
			);
			name = ProjectSwiftUI;
			productName = ProjectSwiftUI;
			productReference = 26AC9D652A6850DB00679CC8 /* ProjectSwiftUI.app */;
			productType = "com.apple.product-type.application";
		};
/* End PBXNativeTarget section */

/* Begin PBXProject section */
		26AC9D5D2A6850DB00679CC8 /* Project object */ = {
			isa = PBXProject;
			attributes = {
				BuildIndependentTargetsInParallel = 1;
				LastSwiftUpdateCheck = 1430;
				LastUpgradeCheck = 1430;
				TargetAttributes = {
					26AC9D642A6850DB00679CC8 = {
						CreatedOnToolsVersion = 14.3.1;
					};
				};
			};
			buildConfigurationList = 26AC9D602A6850DB00679CC8 /* Build configuration list for PBXProject "ProjectSwiftUI" */;
			compatibilityVersion = "Xcode 14.0";
			developmentRegion = en;
			hasScannedForEncodings = 0;
			knownRegions = (
				en,
				Base,
			);
			mainGroup = 26AC9D5C2A6850DB00679CC8;
			productRefGroup = 26AC9D662A6850DB00679CC8 /* Products */;
			projectDirPath = "";
			projectRoot = "";
			targets = (
				26AC9D642A6850DB00679CC8 /* ProjectSwiftUI */,
			);
		};
/* End PBXProject section */

/* Begin PBXResourcesBuildPhase section */
		26AC9D632A6850DB00679CC8 /* Resources */ = {
			isa = PBXResourcesBuildPhase;
			buildActionMask = 2147483647;
			files = (
				26AC9D702A6850DC00679CC8 /* Preview Assets.xcassets in Resources */,
				26AC9D6D2A6850DC00679CC8 /* Assets.xcassets in Resources */,
			);
			runOnlyForDeploymentPostprocessing = 0;
		};
/* End PBXResourcesBuildPhase section */

/* Begin PBXSourcesBuildPhase section */
		26AC9D612A6850DB00679CC8 /* Sources */ = {
			isa = PBXSourcesBuildPhase;
			buildActionMask = 2147483647;
			files = (
				267284E12A6C445F00747A5E /* GradientButtonStyle.swift in Sources */,
				26AC9D722A6850DC00679CC8 /* Persistence.swift in Sources */,
				26AC9D752A6850DC00679CC8 /* ProjectSwiftUI.xcdatamodeld in Sources */,
				2675DA5A2A6D05E00039E488 /* CustomListRowView.swift in Sources */,
				26AC9D6B2A6850DB00679CC8 /* ContentView.swift in Sources */,
				267284DF2A6C1BFA00747A5E /* CustomButtonView.swift in Sources */,
				2675DA532A6C60E00039E488 /* CustomCircleView.swift in Sources */,
				26533D352A6A568400FADCE4 /* CustomBackgroundView.swift in Sources */,
				26AC9D692A6850DB00679CC8 /* ProjectSwiftUIApp.swift in Sources */,
				2675DA552A6C651B0039E488 /* MotionAnimationView.swift in Sources */,
				2675DA582A6C819A0039E488 /* SettingsView.swift in Sources */,
				26533D382A6A59B700FADCE4 /* ColorExtension.swift in Sources */,
				26533D322A6A3FD100FADCE4 /* CardView.swift in Sources */,
			);
			runOnlyForDeploymentPostprocessing = 0;
		};
/* End PBXSourcesBuildPhase section */

/* Begin XCBuildConfiguration section */
		26AC9D762A6850DC00679CC8 /* Debug */ = {
			isa = XCBuildConfiguration;
			buildSettings = {
				ALWAYS_SEARCH_USER_PATHS = NO;
				CLANG_ANALYZER_NONNULL = YES;
				CLANG_ANALYZER_NUMBER_OBJECT_CONVERSION = YES_AGGRESSIVE;
				CLANG_CXX_LANGUAGE_STANDARD = "gnu++20";
				CLANG_ENABLE_MODULES = YES;
				CLANG_ENABLE_OBJC_ARC = YES;
				CLANG_ENABLE_OBJC_WEAK = YES;
				CLANG_WARN_BLOCK_CAPTURE_AUTORELEASING = YES;
				CLANG_WARN_BOOL_CONVERSION = YES;
				CLANG_WARN_COMMA = YES;
				CLANG_WARN_CONSTANT_CONVERSION = YES;
				CLANG_WARN_DEPRECATED_OBJC_IMPLEMENTATIONS = YES;
				CLANG_WARN_DIRECT_OBJC_ISA_USAGE = YES_ERROR;
				CLANG_WARN_DOCUMENTATION_COMMENTS = YES;
				CLANG_WARN_EMPTY_BODY = YES;
				CLANG_WARN_ENUM_CONVERSION = YES;
				CLANG_WARN_INFINITE_RECURSION = YES;
				CLANG_WARN_INT_CONVERSION = YES;
				CLANG_WARN_NON_LITERAL_NULL_CONVERSION = YES;
				CLANG_WARN_OBJC_IMPLICIT_RETAIN_SELF = YES;
				CLANG_WARN_OBJC_LITERAL_CONVERSION = YES;
				CLANG_WARN_OBJC_ROOT_CLASS = YES_ERROR;
				CLANG_WARN_QUOTED_INCLUDE_IN_FRAMEWORK_HEADER = YES;
				CLANG_WARN_RANGE_LOOP_ANALYSIS = YES;
				CLANG_WARN_STRICT_PROTOTYPES = YES;
				CLANG_WARN_SUSPICIOUS_MOVE = YES;
				CLANG_WARN_UNGUARDED_AVAILABILITY = YES_AGGRESSIVE;
				CLANG_WARN_UNREACHABLE_CODE = YES;
				CLANG_WARN__DUPLICATE_METHOD_MATCH = YES;
				COPY_PHASE_STRIP = NO;
				DEBUG_INFORMATION_FORMAT = dwarf;
				ENABLE_STRICT_OBJC_MSGSEND = YES;
				ENABLE_TESTABILITY = YES;
				GCC_C_LANGUAGE_STANDARD = gnu11;
				GCC_DYNAMIC_NO_PIC = NO;
				GCC_NO_COMMON_BLOCKS = YES;
				GCC_OPTIMIZATION_LEVEL = 0;
				GCC_PREPROCESSOR_DEFINITIONS = (
					"DEBUG=1",
					"$(inherited)",
				);
				GCC_WARN_64_TO_32_BIT_CONVERSION = YES;
				GCC_WARN_ABOUT_RETURN_TYPE = YES_ERROR;
				GCC_WARN_UNDECLARED_SELECTOR = YES;
				GCC_WARN_UNINITIALIZED_AUTOS = YES_AGGRESSIVE;
				GCC_WARN_UNUSED_FUNCTION = YES;
				GCC_WARN_UNUSED_VARIABLE = YES;
				IPHONEOS_DEPLOYMENT_TARGET = 16.4;
				MTL_ENABLE_DEBUG_INFO = INCLUDE_SOURCE;
				MTL_FAST_MATH = YES;
				ONLY_ACTIVE_ARCH = YES;
				SDKROOT = iphoneos;
				SWIFT_ACTIVE_COMPILATION_CONDITIONS = DEBUG;
				SWIFT_OPTIMIZATION_LEVEL = "-Onone";
			};
			name = Debug;
		};
		26AC9D772A6850DC00679CC8 /* Release */ = {
			isa = XCBuildConfiguration;
			buildSettings = {
				ALWAYS_SEARCH_USER_PATHS = NO;
				CLANG_ANALYZER_NONNULL = YES;
				CLANG_ANALYZER_NUMBER_OBJECT_CONVERSION = YES_AGGRESSIVE;
				CLANG_CXX_LANGUAGE_STANDARD = "gnu++20";
				CLANG_ENABLE_MODULES = YES;
				CLANG_ENABLE_OBJC_ARC = YES;
				CLANG_ENABLE_OBJC_WEAK = YES;
				CLANG_WARN_BLOCK_CAPTURE_AUTORELEASING = YES;
				CLANG_WARN_BOOL_CONVERSION = YES;
				CLANG_WARN_COMMA = YES;
				CLANG_WARN_CONSTANT_CONVERSION = YES;
				CLANG_WARN_DEPRECATED_OBJC_IMPLEMENTATIONS = YES;
				CLANG_WARN_DIRECT_OBJC_ISA_USAGE = YES_ERROR;
				CLANG_WARN_DOCUMENTATION_COMMENTS = YES;
				CLANG_WARN_EMPTY_BODY = YES;
				CLANG_WARN_ENUM_CONVERSION = YES;
				CLANG_WARN_INFINITE_RECURSION = YES;
				CLANG_WARN_INT_CONVERSION = YES;
				CLANG_WARN_NON_LITERAL_NULL_CONVERSION = YES;
				CLANG_WARN_OBJC_IMPLICIT_RETAIN_SELF = YES;
				CLANG_WARN_OBJC_LITERAL_CONVERSION = YES;
				CLANG_WARN_OBJC_ROOT_CLASS = YES_ERROR;
				CLANG_WARN_QUOTED_INCLUDE_IN_FRAMEWORK_HEADER = YES;
				CLANG_WARN_RANGE_LOOP_ANALYSIS = YES;
				CLANG_WARN_STRICT_PROTOTYPES = YES;
				CLANG_WARN_SUSPICIOUS_MOVE = YES;
				CLANG_WARN_UNGUARDED_AVAILABILITY = YES_AGGRESSIVE;
				CLANG_WARN_UNREACHABLE_CODE = YES;
				CLANG_WARN__DUPLICATE_METHOD_MATCH = YES;
				COPY_PHASE_STRIP = NO;
				DEBUG_INFORMATION_FORMAT = "dwarf-with-dsym";
				ENABLE_NS_ASSERTIONS = NO;
				ENABLE_STRICT_OBJC_MSGSEND = YES;
				GCC_C_LANGUAGE_STANDARD = gnu11;
				GCC_NO_COMMON_BLOCKS = YES;
				GCC_WARN_64_TO_32_BIT_CONVERSION = YES;
				GCC_WARN_ABOUT_RETURN_TYPE = YES_ERROR;
				GCC_WARN_UNDECLARED_SELECTOR = YES;
				GCC_WARN_UNINITIALIZED_AUTOS = YES_AGGRESSIVE;
				GCC_WARN_UNUSED_FUNCTION = YES;
				GCC_WARN_UNUSED_VARIABLE = YES;
				IPHONEOS_DEPLOYMENT_TARGET = 16.4;
				MTL_ENABLE_DEBUG_INFO = NO;
				MTL_FAST_MATH = YES;
				SDKROOT = iphoneos;
				SWIFT_COMPILATION_MODE = wholemodule;
				SWIFT_OPTIMIZATION_LEVEL = "-O";
				VALIDATE_PRODUCT = YES;
			};
			name = Release;
		};
		26AC9D792A6850DC00679CC8 /* Debug */ = {
			isa = XCBuildConfiguration;
			buildSettings = {
				ASSETCATALOG_COMPILER_APPICON_NAME = AppIcon;
				ASSETCATALOG_COMPILER_GLOBAL_ACCENT_COLOR_NAME = AccentColor;
				ASSETCATALOG_COMPILER_INCLUDE_ALL_APPICON_ASSETS = YES;
				CODE_SIGN_STYLE = Automatic;
				CURRENT_PROJECT_VERSION = 1;
				DEVELOPMENT_ASSET_PATHS = "\"ProjectSwiftUI/Preview Content\"";
				DEVELOPMENT_TEAM = Z8K5YA63MZ;
				ENABLE_PREVIEWS = YES;
				GENERATE_INFOPLIST_FILE = YES;
				INFOPLIST_KEY_UIApplicationSceneManifest_Generation = YES;
				INFOPLIST_KEY_UIApplicationSupportsIndirectInputEvents = YES;
				INFOPLIST_KEY_UILaunchScreen_Generation = YES;
				INFOPLIST_KEY_UISupportedInterfaceOrientations_iPad = "UIInterfaceOrientationPortrait UIInterfaceOrientationPortraitUpsideDown UIInterfaceOrientationLandscapeLeft UIInterfaceOrientationLandscapeRight";
				INFOPLIST_KEY_UISupportedInterfaceOrientations_iPhone = "UIInterfaceOrientationPortrait UIInterfaceOrientationLandscapeLeft UIInterfaceOrientationLandscapeRight";
				LD_RUNPATH_SEARCH_PATHS = (
					"$(inherited)",
					"@executable_path/Frameworks",
				);
				MARKETING_VERSION = 1.0;
				PRODUCT_BUNDLE_IDENTIFIER = "Rajesab-N-Y.ProjectSwiftUI";
				PRODUCT_NAME = "$(TARGET_NAME)";
				SWIFT_EMIT_LOC_STRINGS = YES;
				SWIFT_VERSION = 5.0;
				TARGETED_DEVICE_FAMILY = "1,2";
			};
			name = Debug;
		};
		26AC9D7A2A6850DC00679CC8 /* Release */ = {
			isa = XCBuildConfiguration;
			buildSettings = {
				ASSETCATALOG_COMPILER_APPICON_NAME = AppIcon;
				ASSETCATALOG_COMPILER_GLOBAL_ACCENT_COLOR_NAME = AccentColor;
				ASSETCATALOG_COMPILER_INCLUDE_ALL_APPICON_ASSETS = YES;
				CODE_SIGN_STYLE = Automatic;
				CURRENT_PROJECT_VERSION = 1;
				DEVELOPMENT_ASSET_PATHS = "\"ProjectSwiftUI/Preview Content\"";
				DEVELOPMENT_TEAM = Z8K5YA63MZ;
				ENABLE_PREVIEWS = YES;
				GENERATE_INFOPLIST_FILE = YES;
				INFOPLIST_KEY_UIApplicationSceneManifest_Generation = YES;
				INFOPLIST_KEY_UIApplicationSupportsIndirectInputEvents = YES;
				INFOPLIST_KEY_UILaunchScreen_Generation = YES;
				INFOPLIST_KEY_UISupportedInterfaceOrientations_iPad = "UIInterfaceOrientationPortrait UIInterfaceOrientationPortraitUpsideDown UIInterfaceOrientationLandscapeLeft UIInterfaceOrientationLandscapeRight";
				INFOPLIST_KEY_UISupportedInterfaceOrientations_iPhone = "UIInterfaceOrientationPortrait UIInterfaceOrientationLandscapeLeft UIInterfaceOrientationLandscapeRight";
				LD_RUNPATH_SEARCH_PATHS = (
					"$(inherited)",
					"@executable_path/Frameworks",
				);
				MARKETING_VERSION = 1.0;
				PRODUCT_BUNDLE_IDENTIFIER = "Rajesab-N-Y.ProjectSwiftUI";
				PRODUCT_NAME = "$(TARGET_NAME)";
				SWIFT_EMIT_LOC_STRINGS = YES;
				SWIFT_VERSION = 5.0;
				TARGETED_DEVICE_FAMILY = "1,2";
			};
			name = Release;
		};
/* End XCBuildConfiguration section */

/* Begin XCConfigurationList section */
		26AC9D602A6850DB00679CC8 /* Build configuration list for PBXProject "ProjectSwiftUI" */ = {
			isa = XCConfigurationList;
			buildConfigurations = (
				26AC9D762A6850DC00679CC8 /* Debug */,
				26AC9D772A6850DC00679CC8 /* Release */,
			);
			defaultConfigurationIsVisible = 0;
			defaultConfigurationName = Release;
		};
		26AC9D782A6850DC00679CC8 /* Build configuration list for PBXNativeTarget "ProjectSwiftUI" */ = {
			isa = XCConfigurationList;
			buildConfigurations = (
				26AC9D792A6850DC00679CC8 /* Debug */,
				26AC9D7A2A6850DC00679CC8 /* Release */,
			);
			defaultConfigurationIsVisible = 0;
			defaultConfigurationName = Release;
		};
/* End XCConfigurationList section */

/* Begin XCVersionGroup section */
		26AC9D732A6850DC00679CC8 /* ProjectSwiftUI.xcdatamodeld */ = {
			isa = XCVersionGroup;
			children = (
				26AC9D742A6850DC00679CC8 /* ProjectSwiftUI.xcdatamodel */,
			);
			currentVersion = 26AC9D742A6850DC00679CC8 /* ProjectSwiftUI.xcdatamodel */;
			path = ProjectSwiftUI.xcdatamodeld;
			sourceTree = "<group>";
			versionGroupType = wrapper.xcdatamodel;
		};
/* End XCVersionGroup section */
	};
	rootObject = 26AC9D5D2A6850DB00679CC8 /* Project object */;
}
